
Microsoft Visual Studio Solution File, Format Version 12.00
# Visual Studio Version 17
VisualStudioVersion = 17.13.36105.23 d17.13
MinimumVisualStudioVersion = 10.0.40219.1
Project("{FAE04EC0-301F-11D3-BF4B-00C04F79EFBC}") = "WinBackup", "WinBackup\WinBackup.csproj", "{EFE04730-FB4C-4CEC-AB3F-552B00115822}"
EndProject
Global
	GlobalSection(SolutionConfigurationPlatforms) = preSolution
		Debug|Any CPU = Debug|Any CPU
		Release|Any CPU = Release|Any CPU
	EndGlobalSection
	GlobalSection(ProjectConfigurationPlatforms) = postSolution
		{EFE04730-FB4C-4CEC-AB3F-552B00115822}.Debug|Any CPU.ActiveCfg = Debug|Any CPU
		{EFE04730-FB4C-4CEC-AB3F-552B00115822}.Debug|Any CPU.Build.0 = Debug|Any CPU
		{EFE04730-FB4C-4CEC-AB3F-552B00115822}.Release|Any CPU.ActiveCfg = Release|Any CPU
		{EFE04730-FB4C-4CEC-AB3F-552B00115822}.Release|Any CPU.Build.0 = Release|Any CPU
	EndGlobalSection
	GlobalSection(SolutionProperties) = preSolution
		HideSolutionNode = FALSE
	EndGlobalSection
	GlobalSection(ExtensibilityGlobals) = postSolution
		SolutionGuid = {DC3DF0FF-66AA-45A2-9789-3E8A9F53092A}
	EndGlobalSection
EndGlobal
